// !$*UTF8*$!
{
	archiveVersion = 1;
	classes = {
	};
	objectVersion = 46;
	objects = {

/* Begin PBXBuildFile section */
		844E08B61CC5CB380095B1E6 /* AppDelegate.swift in Sources */ = {isa = PBXBuildFile; fileRef = 844E08B51CC5CB380095B1E6 /* AppDelegate.swift */; };
		844E08B81CC5CB390095B1E6 /* ViewController.swift in Sources */ = {isa = PBXBuildFile; fileRef = 844E08B71CC5CB390095B1E6 /* ViewController.swift */; };
		844E08BB1CC5CB390095B1E6 /* Main.storyboard in Resources */ = {isa = PBXBuildFile; fileRef = 844E08B91CC5CB390095B1E6 /* Main.storyboard */; };
		844E08BD1CC5CB390095B1E6 /* Assets.xcassets in Resources */ = {isa = PBXBuildFile; fileRef = 844E08BC1CC5CB390095B1E6 /* Assets.xcassets */; };
		844E08C01CC5CB390095B1E6 /* LaunchScreen.storyboard in Resources */ = {isa = PBXBuildFile; fileRef = 844E08BE1CC5CB390095B1E6 /* LaunchScreen.storyboard */; };
		844E08CB1CC5CB390095B1E6 /* webrequest_testTests.swift in Sources */ = {isa = PBXBuildFile; fileRef = 844E08CA1CC5CB390095B1E6 /* webrequest_testTests.swift */; };
		844E08D61CC5CB3A0095B1E6 /* webrequest_testUITests.swift in Sources */ = {isa = PBXBuildFile; fileRef = 844E08D51CC5CB3A0095B1E6 /* webrequest_testUITests.swift */; };
		84D2A3B21CC622080027FFED /* SWPerson.swift in Sources */ = {isa = PBXBuildFile; fileRef = 84D2A3B11CC622080027FFED /* SWPerson.swift */; };
/* End PBXBuildFile section */

/* Begin PBXContainerItemProxy section */
		844E08C71CC5CB390095B1E6 /* PBXContainerItemProxy */ = {
			isa = PBXContainerItemProxy;
			containerPortal = 844E08AA1CC5CB380095B1E6 /* Project object */;
			proxyType = 1;
			remoteGlobalIDString = 844E08B11CC5CB380095B1E6;
			remoteInfo = "webrequest-test";
		};
		844E08D21CC5CB3A0095B1E6 /* PBXContainerItemProxy */ = {
			isa = PBXContainerItemProxy;
			containerPortal = 844E08AA1CC5CB380095B1E6 /* Project object */;
			proxyType = 1;
			remoteGlobalIDString = 844E08B11CC5CB380095B1E6;
			remoteInfo = "webrequest-test";
		};
/* End PBXContainerItemProxy section */

/* Begin PBXFileReference section */
		844E08B21CC5CB380095B1E6 /* webrequest-test.app */ = {isa = PBXFileReference; explicitFileType = wrapper.application; includeInIndex = 0; path = "webrequest-test.app"; sourceTree = BUILT_PRODUCTS_DIR; };
		844E08B51CC5CB380095B1E6 /* AppDelegate.swift */ = {isa = PBXFileReference; lastKnownFileType = sourcecode.swift; path = AppDelegate.swift; sourceTree = "<group>"; };
		844E08B71CC5CB390095B1E6 /* ViewController.swift */ = {isa = PBXFileReference; lastKnownFileType = sourcecode.swift; path = ViewController.swift; sourceTree = "<group>"; };
		844E08BA1CC5CB390095B1E6 /* Base */ = {isa = PBXFileReference; lastKnownFileType = file.storyboard; name = Base; path = Base.lproj/Main.storyboard; sourceTree = "<group>"; };
		844E08BC1CC5CB390095B1E6 /* Assets.xcassets */ = {isa = PBXFileReference; lastKnownFileType = folder.assetcatalog; path = Assets.xcassets; sourceTree = "<group>"; };
		844E08BF1CC5CB390095B1E6 /* Base */ = {isa = PBXFileReference; lastKnownFileType = file.storyboard; name = Base; path = Base.lproj/LaunchScreen.storyboard; sourceTree = "<group>"; };
		844E08C11CC5CB390095B1E6 /* Info.plist */ = {isa = PBXFileReference; lastKnownFileType = text.plist.xml; path = Info.plist; sourceTree = "<group>"; };
		844E08C61CC5CB390095B1E6 /* webrequest-testTests.xctest */ = {isa = PBXFileReference; explicitFileType = wrapper.cfbundle; includeInIndex = 0; path = "webrequest-testTests.xctest"; sourceTree = BUILT_PRODUCTS_DIR; };
		844E08CA1CC5CB390095B1E6 /* webrequest_testTests.swift */ = {isa = PBXFileReference; lastKnownFileType = sourcecode.swift; path = webrequest_testTests.swift; sourceTree = "<group>"; };
		844E08CC1CC5CB3A0095B1E6 /* Info.plist */ = {isa = PBXFileReference; lastKnownFileType = text.plist.xml; path = Info.plist; sourceTree = "<group>"; };
		844E08D11CC5CB3A0095B1E6 /* webrequest-testUITests.xctest */ = {isa = PBXFileReference; explicitFileType = wrapper.cfbundle; includeInIndex = 0; path = "webrequest-testUITests.xctest"; sourceTree = BUILT_PRODUCTS_DIR; };
		844E08D51CC5CB3A0095B1E6 /* webrequest_testUITests.swift */ = {isa = PBXFileReference; lastKnownFileType = sourcecode.swift; path = webrequest_testUITests.swift; sourceTree = "<group>"; };
		844E08D71CC5CB3A0095B1E6 /* Info.plist */ = {isa = PBXFileReference; lastKnownFileType = text.plist.xml; path = Info.plist; sourceTree = "<group>"; };
		84D2A3B11CC622080027FFED /* SWPerson.swift */ = {isa = PBXFileReference; fileEncoding = 4; lastKnownFileType = sourcecode.swift; path = SWPerson.swift; sourceTree = "<group>"; };
/* End PBXFileReference section */

/* Begin PBXFrameworksBuildPhase section */
		844E08AF1CC5CB380095B1E6 /* Frameworks */ = {
			isa = PBXFrameworksBuildPhase;
			buildActionMask = 2147483647;
			files = (
			);
			runOnlyForDeploymentPostprocessing = 0;
		};
		844E08C31CC5CB390095B1E6 /* Frameworks */ = {
			isa = PBXFrameworksBuildPhase;
			buildActionMask = 2147483647;
			files = (
			);
			runOnlyForDeploymentPostprocessing = 0;
		};
		844E08CE1CC5CB3A0095B1E6 /* Frameworks */ = {
			isa = PBXFrameworksBuildPhase;
			buildActionMask = 2147483647;
			files = (
			);
			runOnlyForDeploymentPostprocessing = 0;
		};
/* End PBXFrameworksBuildPhase section */

/* Begin PBXGroup section */
		844E08A91CC5CB380095B1E6 = {
			isa = PBXGroup;
			children = (
				844E08B41CC5CB380095B1E6 /* webrequest-test */,
				844E08C91CC5CB390095B1E6 /* webrequest-testTests */,
				844E08D41CC5CB3A0095B1E6 /* webrequest-testUITests */,
				844E08B31CC5CB380095B1E6 /* Products */,
			);
			sourceTree = "<group>";
		};
		844E08B31CC5CB380095B1E6 /* Products */ = {
			isa = PBXGroup;
			children = (
				844E08B21CC5CB380095B1E6 /* webrequest-test.app */,
				844E08C61CC5CB390095B1E6 /* webrequest-testTests.xctest */,
				844E08D11CC5CB3A0095B1E6 /* webrequest-testUITests.xctest */,
			);
			name = Products;
			sourceTree = "<group>";
		};
		844E08B41CC5CB380095B1E6 /* webrequest-test */ = {
			isa = PBXGroup;
			children = (
				84D2A3B01CC621EA0027FFED /* Model */,
				844E08B51CC5CB380095B1E6 /* AppDelegate.swift */,
				844E08B71CC5CB390095B1E6 /* ViewController.swift */,
				844E08B91CC5CB390095B1E6 /* Main.storyboard */,
				844E08BC1CC5CB390095B1E6 /* Assets.xcassets */,
				844E08BE1CC5CB390095B1E6 /* LaunchScreen.storyboard */,
				844E08C11CC5CB390095B1E6 /* Info.plist */,
			);
			path = "webrequest-test";
			sourceTree = "<group>";
		};
		844E08C91CC5CB390095B1E6 /* webrequest-testTests */ = {
			isa = PBXGroup;
			children = (
				844E08CA1CC5CB390095B1E6 /* webrequest_testTests.swift */,
				844E08CC1CC5CB3A0095B1E6 /* Info.plist */,
			);
			path = "webrequest-testTests";
			sourceTree = "<group>";
		};
		844E08D41CC5CB3A0095B1E6 /* webrequest-testUITests */ = {
			isa = PBXGroup;
			children = (
				844E08D51CC5CB3A0095B1E6 /* webrequest_testUITests.swift */,
				844E08D71CC5CB3A0095B1E6 /* Info.plist */,
			);
			path = "webrequest-testUITests";
			sourceTree = "<group>";
		};
		84D2A3B01CC621EA0027FFED /* Model */ = {
			isa = PBXGroup;
			children = (
				84D2A3B11CC622080027FFED /* SWPerson.swift */,
			);
			name = Model;
			sourceTree = "<group>";
		};
/* End PBXGroup section */

/* Begin PBXNativeTarget section */
		844E08B11CC5CB380095B1E6 /* webrequest-test */ = {
			isa = PBXNativeTarget;
			buildConfigurationList = 844E08DA1CC5CB3A0095B1E6 /* Build configuration list for PBXNativeTarget "webrequest-test" */;
			buildPhases = (
				844E08AE1CC5CB380095B1E6 /* Sources */,
				844E08AF1CC5CB380095B1E6 /* Frameworks */,
				844E08B01CC5CB380095B1E6 /* Resources */,
			);
			buildRules = (
			);
			dependencies = (
			);
			name = "webrequest-test";
			productName = "webrequest-test";
			productReference = 844E08B21CC5CB380095B1E6 /* webrequest-test.app */;
			productType = "com.apple.product-type.application";
		};
		844E08C51CC5CB390095B1E6 /* webrequest-testTests */ = {
			isa = PBXNativeTarget;
			buildConfigurationList = 844E08DD1CC5CB3A0095B1E6 /* Build configuration list for PBXNativeTarget "webrequest-testTests" */;
			buildPhases = (
				844E08C21CC5CB390095B1E6 /* Sources */,
				844E08C31CC5CB390095B1E6 /* Frameworks */,
				844E08C41CC5CB390095B1E6 /* Resources */,
			);
			buildRules = (
			);
			dependencies = (
				844E08C81CC5CB390095B1E6 /* PBXTargetDependency */,
			);
			name = "webrequest-testTests";
			productName = "webrequest-testTests";
			productReference = 844E08C61CC5CB390095B1E6 /* webrequest-testTests.xctest */;
			productType = "com.apple.product-type.bundle.unit-test";
		};
		844E08D01CC5CB3A0095B1E6 /* webrequest-testUITests */ = {
			isa = PBXNativeTarget;
			buildConfigurationList = 844E08E01CC5CB3A0095B1E6 /* Build configuration list for PBXNativeTarget "webrequest-testUITests" */;
			buildPhases = (
				844E08CD1CC5CB3A0095B1E6 /* Sources */,
				844E08CE1CC5CB3A0095B1E6 /* Frameworks */,
				844E08CF1CC5CB3A0095B1E6 /* Resources */,
			);
			buildRules = (
			);
			dependencies = (
				844E08D31CC5CB3A0095B1E6 /* PBXTargetDependency */,
			);
			name = "webrequest-testUITests";
			productName = "webrequest-testUITests";
			productReference = 844E08D11CC5CB3A0095B1E6 /* webrequest-testUITests.xctest */;
			productType = "com.apple.product-type.bundle.ui-testing";
		};
/* End PBXNativeTarget section */

/* Begin PBXProject section */
		844E08AA1CC5CB380095B1E6 /* Project object */ = {
			isa = PBXProject;
			attributes = {
				LastSwiftUpdateCheck = 0730;
				LastUpgradeCheck = 0730;
				ORGANIZATIONNAME = Dreamsmart;
				TargetAttributes = {
					844E08B11CC5CB380095B1E6 = {
						CreatedOnToolsVersion = 7.3;
						DevelopmentTeam = FK32L99BU3;
					};
					844E08C51CC5CB390095B1E6 = {
						CreatedOnToolsVersion = 7.3;
						DevelopmentTeam = FK32L99BU3;
						TestTargetID = 844E08B11CC5CB380095B1E6;
					};
					844E08D01CC5CB3A0095B1E6 = {
						CreatedOnToolsVersion = 7.3;
						DevelopmentTeam = FK32L99BU3;
						TestTargetID = 844E08B11CC5CB380095B1E6;
					};
				};
			};
			buildConfigurationList = 844E08AD1CC5CB380095B1E6 /* Build configuration list for PBXProject "webrequest-test" */;
			compatibilityVersion = "Xcode 3.2";
			developmentRegion = English;
			hasScannedForEncodings = 0;
			knownRegions = (
				en,
				Base,
			);
			mainGroup = 844E08A91CC5CB380095B1E6;
			productRefGroup = 844E08B31CC5CB380095B1E6 /* Products */;
			projectDirPath = "";
			projectRoot = "";
			targets = (
				844E08B11CC5CB380095B1E6 /* webrequest-test */,
				844E08C51CC5CB390095B1E6 /* webrequest-testTests */,
				844E08D01CC5CB3A0095B1E6 /* webrequest-testUITests */,
			);
		};
/* End PBXProject section */

/* Begin PBXResourcesBuildPhase section */
		844E08B01CC5CB380095B1E6 /* Resources */ = {
			isa = PBXResourcesBuildPhase;
			buildActionMask = 2147483647;
			files = (
				844E08C01CC5CB390095B1E6 /* LaunchScreen.storyboard in Resources */,
				844E08BD1CC5CB390095B1E6 /* Assets.xcassets in Resources */,
				844E08BB1CC5CB390095B1E6 /* Main.storyboard in Resources */,
			);
			runOnlyForDeploymentPostprocessing = 0;
		};
		844E08C41CC5CB390095B1E6 /* Resources */ = {
			isa = PBXResourcesBuildPhase;
			buildActionMask = 2147483647;
			files = (
			);
			runOnlyForDeploymentPostprocessing = 0;
		};
		844E08CF1CC5CB3A0095B1E6 /* Resources */ = {
			isa = PBXResourcesBuildPhase;
			buildActionMask = 2147483647;
			files = (
			);
			runOnlyForDeploymentPostprocessing = 0;
		};
/* End PBXResourcesBuildPhase section */

/* Begin PBXSourcesBuildPhase section */
		844E08AE1CC5CB380095B1E6 /* Sources */ = {
			isa = PBXSourcesBuildPhase;
			buildActionMask = 2147483647;
			files = (
				844E08B81CC5CB390095B1E6 /* ViewController.swift in Sources */,
				844E08B61CC5CB380095B1E6 /* AppDelegate.swift in Sources */,
				84D2A3B21CC622080027FFED /* SWPerson.swift in Sources */,
			);
			runOnlyForDeploymentPostprocessing = 0;
		};
		844E08C21CC5CB390095B1E6 /* Sources */ = {
			isa = PBXSourcesBuildPhase;
			buildActionMask = 2147483647;
			files = (
				844E08CB1CC5CB390095B1E6 /* webrequest_testTests.swift in Sources */,
			);
			runOnlyForDeploymentPostprocessing = 0;
		};
		844E08CD1CC5CB3A0095B1E6 /* Sources */ = {
			isa = PBXSourcesBuildPhase;
			buildActionMask = 2147483647;
			files = (
				844E08D61CC5CB3A0095B1E6 /* webrequest_testUITests.swift in Sources */,
			);
			runOnlyForDeploymentPostprocessing = 0;
		};
/* End PBXSourcesBuildPhase section */

/* Begin PBXTargetDependency section */
		844E08C81CC5CB390095B1E6 /* PBXTargetDependency */ = {
			isa = PBXTargetDependency;
			target = 844E08B11CC5CB380095B1E6 /* webrequest-test */;
			targetProxy = 844E08C71CC5CB390095B1E6 /* PBXContainerItemProxy */;
		};
		844E08D31CC5CB3A0095B1E6 /* PBXTargetDependency */ = {
			isa = PBXTargetDependency;
			target = 844E08B11CC5CB380095B1E6 /* webrequest-test */;
			targetProxy = 844E08D21CC5CB3A0095B1E6 /* PBXContainerItemProxy */;
		};
/* End PBXTargetDependency section */

/* Begin PBXVariantGroup section */
		844E08B91CC5CB390095B1E6 /* Main.storyboard */ = {
			isa = PBXVariantGroup;
			children = (
				844E08BA1CC5CB390095B1E6 /* Base */,
			);
			name = Main.storyboard;
			sourceTree = "<group>";
		};
		844E08BE1CC5CB390095B1E6 /* LaunchScreen.storyboard */ = {
			isa = PBXVariantGroup;
			children = (
				844E08BF1CC5CB390095B1E6 /* Base */,
			);
			name = LaunchScreen.storyboard;
			sourceTree = "<group>";
		};
/* End PBXVariantGroup section */

/* Begin XCBuildConfiguration section */
		844E08D81CC5CB3A0095B1E6 /* Debug */ = {
			isa = XCBuildConfiguration;
			buildSettings = {
				ALWAYS_SEARCH_USER_PATHS = NO;
				CLANG_ANALYZER_NONNULL = YES;
				CLANG_CXX_LANGUAGE_STANDARD = "gnu++0x";
				CLANG_CXX_LIBRARY = "libc++";
				CLANG_ENABLE_MODULES = YES;
				CLANG_ENABLE_OBJC_ARC = YES;
				CLANG_WARN_BOOL_CONVERSION = YES;
				CLANG_WARN_CONSTANT_CONVERSION = YES;
				CLANG_WARN_DIRECT_OBJC_ISA_USAGE = YES_ERROR;
				CLANG_WARN_EMPTY_BODY = YES;
				CLANG_WARN_ENUM_CONVERSION = YES;
				CLANG_WARN_INT_CONVERSION = YES;
				CLANG_WARN_OBJC_ROOT_CLASS = YES_ERROR;
				CLANG_WARN_UNREACHABLE_CODE = YES;
				CLANG_WARN__DUPLICATE_METHOD_MATCH = YES;
				"CODE_SIGN_IDENTITY[sdk=iphoneos*]" = "iPhone Developer";
				COPY_PHASE_STRIP = NO;
				DEBUG_INFORMATION_FORMAT = dwarf;
				ENABLE_STRICT_OBJC_MSGSEND = YES;
				ENABLE_TESTABILITY = YES;
				GCC_C_LANGUAGE_STANDARD = gnu99;
				GCC_DYNAMIC_NO_PIC = NO;
				GCC_NO_COMMON_BLOCKS = YES;
				GCC_OPTIMIZATION_LEVEL = 0;
				GCC_PREPROCESSOR_DEFINITIONS = (
					"DEBUG=1",
					"$(inherited)",
				);
				GCC_WARN_64_TO_32_BIT_CONVERSION = YES;
				GCC_WARN_ABOUT_RETURN_TYPE = YES_ERROR;
				GCC_WARN_UNDECLARED_SELECTOR = YES;
				GCC_WARN_UNINITIALIZED_AUTOS = YES_AGGRESSIVE;
				GCC_WARN_UNUSED_FUNCTION = YES;
				GCC_WARN_UNUSED_VARIABLE = YES;
				IPHONEOS_DEPLOYMENT_TARGET = 9.3;
				MTL_ENABLE_DEBUG_INFO = YES;
				ONLY_ACTIVE_ARCH = YES;
				SDKROOT = iphoneos;
				SWIFT_OPTIMIZATION_LEVEL = "-Onone";
				TARGETED_DEVICE_FAMILY = "1,2";
			};
			name = Debug;
		};
		844E08D91CC5CB3A0095B1E6 /* Release */ = {
			isa = XCBuildConfiguration;
			buildSettings = {
				ALWAYS_SEARCH_USER_PATHS = NO;
				CLANG_ANALYZER_NONNULL = YES;
				CLANG_CXX_LANGUAGE_STANDARD = "gnu++0x";
				CLANG_CXX_LIBRARY = "libc++";
				CLANG_ENABLE_MODULES = YES;
				CLANG_ENABLE_OBJC_ARC = YES;
				CLANG_WARN_BOOL_CONVERSION = YES;
				CLANG_WARN_CONSTANT_CONVERSION = YES;
				CLANG_WARN_DIRECT_OBJC_ISA_USAGE = YES_ERROR;
				CLANG_WARN_EMPTY_BODY = YES;
				CLANG_WARN_ENUM_CONVERSION = YES;
				CLANG_WARN_INT_CONVERSION = YES;
				CLANG_WARN_OBJC_ROOT_CLASS = YES_ERROR;
				CLANG_WARN_UNREACHABLE_CODE = YES;
				CLANG_WARN__DUPLICATE_METHOD_MATCH = YES;
				"CODE_SIGN_IDENTITY[sdk=iphoneos*]" = "iPhone Developer";
				COPY_PHASE_STRIP = NO;
				DEBUG_INFORMATION_FORMAT = "dwarf-with-dsym";
				ENABLE_NS_ASSERTIONS = NO;
				ENABLE_STRICT_OBJC_MSGSEND = YES;
				GCC_C_LANGUAGE_STANDARD = gnu99;
				GCC_NO_COMMON_BLOCKS = YES;
				GCC_WARN_64_TO_32_BIT_CONVERSION = YES;
				GCC_WARN_ABOUT_RETURN_TYPE = YES_ERROR;
				GCC_WARN_UNDECLARED_SELECTOR = YES;
				GCC_WARN_UNINITIALIZED_AUTOS = YES_AGGRESSIVE;
				GCC_WARN_UNUSED_FUNCTION = YES;
				GCC_WARN_UNUSED_VARIABLE = YES;
				IPHONEOS_DEPLOYMENT_TARGET = 9.3;
				MTL_ENABLE_DEBUG_INFO = NO;
				SDKROOT = iphoneos;
				TARGETED_DEVICE_FAMILY = "1,2";
				VALIDATE_PRODUCT = YES;
			};
			name = Release;
		};
		844E08DB1CC5CB3A0095B1E6 /* Debug */ = {
			isa = XCBuildConfiguration;
			buildSettings = {
				ASSETCATALOG_COMPILER_APPICON_NAME = AppIcon;
				INFOPLIST_FILE = "webrequest-test/Info.plist";
				LD_RUNPATH_SEARCH_PATHS = "$(inherited) @executable_path/Frameworks";
				PRODUCT_BUNDLE_IDENTIFIER = "com.dreamsmart.webrequest-test";
				PRODUCT_NAME = "$(TARGET_NAME)";
			};
			name = Debug;
		};
		844E08DC1CC5CB3A0095B1E6 /* Release */ = {
			isa = XCBuildConfiguration;
			buildSettings = {
				ASSETCATALOG_COMPILER_APPICON_NAME = AppIcon;
				INFOPLIST_FILE = "webrequest-test/Info.plist";
				LD_RUNPATH_SEARCH_PATHS = "$(inherited) @executable_path/Frameworks";
				PRODUCT_BUNDLE_IDENTIFIER = "com.dreamsmart.webrequest-test";
				PRODUCT_NAME = "$(TARGET_NAME)";
			};
			name = Release;
		};
		844E08DE1CC5CB3A0095B1E6 /* Debug */ = {
			isa = XCBuildConfiguration;
			buildSettings = {
				BUNDLE_LOADER = "$(TEST_HOST)";
				INFOPLIST_FILE = "webrequest-testTests/Info.plist";
				LD_RUNPATH_SEARCH_PATHS = "$(inherited) @executable_path/Frameworks @loader_path/Frameworks";
				PRODUCT_BUNDLE_IDENTIFIER = "com.dreamsmart.webrequest-testTests";
				PRODUCT_NAME = "$(TARGET_NAME)";
				TEST_HOST = "$(BUILT_PRODUCTS_DIR)/webrequest-test.app/webrequest-test";
			};
			name = Debug;
		};
		844E08DF1CC5CB3A0095B1E6 /* Release */ = {
			isa = XCBuildConfiguration;
			buildSettings = {
				BUNDLE_LOADER = "$(TEST_HOST)";
				INFOPLIST_FILE = "webrequest-testTests/Info.plist";
				LD_RUNPATH_SEARCH_PATHS = "$(inherited) @executable_path/Frameworks @loader_path/Frameworks";
				PRODUCT_BUNDLE_IDENTIFIER = "com.dreamsmart.webrequest-testTests";
				PRODUCT_NAME = "$(TARGET_NAME)";
				TEST_HOST = "$(BUILT_PRODUCTS_DIR)/webrequest-test.app/webrequest-test";
			};
			name = Release;
		};
		844E08E11CC5CB3A0095B1E6 /* Debug */ = {
			isa = XCBuildConfiguration;
			buildSettings = {
				INFOPLIST_FILE = "webrequest-testUITests/Info.plist";
				LD_RUNPATH_SEARCH_PATHS = "$(inherited) @executable_path/Frameworks @loader_path/Frameworks";
				PRODUCT_BUNDLE_IDENTIFIER = "com.dreamsmart.webrequest-testUITests";
				PRODUCT_NAME = "$(TARGET_NAME)";
				TEST_TARGET_NAME = "webrequest-test";
			};
			name = Debug;
		};
		844E08E21CC5CB3A0095B1E6 /* Release */ = {
			isa = XCBuildConfiguration;
			buildSettings = {
				INFOPLIST_FILE = "webrequest-testUITests/Info.plist";
				LD_RUNPATH_SEARCH_PATHS = "$(inherited) @executable_path/Frameworks @loader_path/Frameworks";
				PRODUCT_BUNDLE_IDENTIFIER = "com.dreamsmart.webrequest-testUITests";
				PRODUCT_NAME = "$(TARGET_NAME)";
				TEST_TARGET_NAME = "webrequest-test";
			};
			name = Release;
		};
/* End XCBuildConfiguration section */

/* Begin XCConfigurationList section */
		844E08AD1CC5CB380095B1E6 /* Build configuration list for PBXProject "webrequest-test" */ = {
			isa = XCConfigurationList;
			buildConfigurations = (
				844E08D81CC5CB3A0095B1E6 /* Debug */,
				844E08D91CC5CB3A0095B1E6 /* Release */,
			);
			defaultConfigurationIsVisible = 0;
			defaultConfigurationName = Release;
		};
		844E08DA1CC5CB3A0095B1E6 /* Build configuration list for PBXNativeTarget "webrequest-test" */ = {
			isa = XCConfigurationList;
			buildConfigurations = (
				844E08DB1CC5CB3A0095B1E6 /* Debug */,
				844E08DC1CC5CB3A0095B1E6 /* Release */,
			);
			defaultConfigurationIsVisible = 0;
			defaultConfigurationName = Release;
		};
		844E08DD1CC5CB3A0095B1E6 /* Build configuration list for PBXNativeTarget "webrequest-testTests" */ = {
			isa = XCConfigurationList;
			buildConfigurations = (
				844E08DE1CC5CB3A0095B1E6 /* Debug */,
				844E08DF1CC5CB3A0095B1E6 /* Release */,
			);
			defaultConfigurationIsVisible = 0;
			defaultConfigurationName = Release;
		};
		844E08E01CC5CB3A0095B1E6 /* Build configuration list for PBXNativeTarget "webrequest-testUITests" */ = {
			isa = XCConfigurationList;
			buildConfigurations = (
				844E08E11CC5CB3A0095B1E6 /* Debug */,
				844E08E21CC5CB3A0095B1E6 /* Release */,
			);
			defaultConfigurationIsVisible = 0;
			defaultConfigurationName = Release;
		};
/* End XCConfigurationList section */
	};
	rootObject = 844E08AA1CC5CB380095B1E6 /* Project object */;
}
